
Microsoft Visual Studio Solution File, Format Version 12.00
# Visual Studio Version 17
VisualStudioVersion = 17.8.34309.116
MinimumVisualStudioVersion = 10.0.40219.1
Project("{FAE04EC0-301F-11D3-BF4B-00C04F79EFBC}") = "IntentClassifier", "IntentClassifier.csproj", "{D8E96689-EA99-4621-9F26-8719EA3577A1}"
EndProject
Global
	GlobalSection(SolutionConfigurationPlatforms) = preSolution
		Debug|Any CPU = Debug|Any CPU
		Release|Any CPU = Release|Any CPU
	EndGlobalSection
	GlobalSection(ProjectConfigurationPlatforms) = postSolution
		{D8E96689-EA99-4621-9F26-8719EA3577A1}.Debug|Any CPU.ActiveCfg = Debug|Any CPU
		{D8E96689-EA99-4621-9F26-8719EA3577A1}.Debug|Any CPU.Build.0 = Debug|Any CPU
		{D8E96689-EA99-4621-9F26-8719EA3577A1}.Release|Any CPU.ActiveCfg = Release|Any CPU
		{D8E96689-EA99-4621-9F26-8719EA3577A1}.Release|Any CPU.Build.0 = Release|Any CPU
	EndGlobalSection
	GlobalSection(SolutionProperties) = preSolution
		HideSolutionNode = FALSE
	EndGlobalSection
	GlobalSection(ExtensibilityGlobals) = postSolution
		SolutionGuid = {35E03817-4223-4B6D-975B-5261D6D13E90}
	EndGlobalSection
EndGlobal
